{
  "name": "stencil-babylon-test",
  "version": "0.0.1",
  "lockfileVersion": 1,
  "requires": true,
  "dependencies": {
    "@stencil/core": {
      "version": "1.0.7",
      "resolved": "https://registry.npmjs.org/@stencil/core/-/core-1.0.7.tgz",
      "integrity": "sha512-RzH5CZuYSrk1gXZeWvh9gEIe93MAQficxnptAV/CX3SNtQNVHTFAuroj5d/XVhgR/TUwCD3FUJVvtNQIDgEt0w==",
      "requires": {
        "typescript": "3.5.2"
      }
    },
    "@stencil/router": {
      "version": "1.0.1",
      "resolved": "https://registry.npmjs.org/@stencil/router/-/router-1.0.1.tgz",
      "integrity": "sha512-ZMholl1BE+glNAc/8pcEb9RYkeH0XETxsJbx6D7f3azTmaTXqKYty1IACP/3BtVjuimpfLdxQJ+J95wKmnYBtA==",
      "requires": {
        "@stencil/state-tunnel": "^1.0.1"
      }
    },
    "@stencil/state-tunnel": {
      "version": "1.0.1",
      "resolved": "https://registry.npmjs.org/@stencil/state-tunnel/-/state-tunnel-1.0.1.tgz",
      "integrity": "sha512-DYG8uROgL9hkjVTCtCfRBb0d3FwpiFB0muRrNZQ2X1Qo5hxMuNNji76/ILddqeq0AfgkKCW82xrMPDpy+rNIhQ=="
    },
    "babylonjs": {
      "version": "4.0.3",
      "resolved": "https://registry.npmjs.org/babylonjs/-/babylonjs-4.0.3.tgz",
      "integrity": "sha512-S5PoPmf0Vo03FDmF9z8djBiIm8GSLvCesln/9aKV9RbD4W+NTqVmMKhR8CQoMRCQNb2JSKKUuyUygXxCRVG37Q=="
    },
    "babylonjs-gltf2interface": {
      "version": "4.0.3",
      "resolved": "https://registry.npmjs.org/babylonjs-gltf2interface/-/babylonjs-gltf2interface-4.0.3.tgz",
      "integrity": "sha512-ys8cEhlkYmBCJ3F/aBemVNKPkaV5fPghR4wgQfvUTNCF9pFlwYZpJ1KXEPj4+z6OohXN14AQMcaiafL+bmVLlg=="
    },
    "babylonjs-loaders": {
      "version": "4.0.3",
      "resolved": "https://registry.npmjs.org/babylonjs-loaders/-/babylonjs-loaders-4.0.3.tgz",
      "integrity": "sha512-pdJElZpxZlh/c0wVeDcxhcQ2y5TRvEKbhO8HEiMo43At0FQm281EpIYIvvpWBkmNcPQoYJig63RSJxR9vHtUhw==",
      "requires": {
        "babylonjs": "4.0.3",
        "babylonjs-gltf2interface": "4.0.3"
      }
    },
    "pepjs": {
      "version": "0.5.2",
      "resolved": "https://registry.npmjs.org/pepjs/-/pepjs-0.5.2.tgz",
      "integrity": "sha512-acPfplXnTKaG8p7VBgkNaBJSGsZu7LYrqEmLCQFoeHYl21B74mMBeVoQA/Gl9u5GmysgzrOCeHsEjw0mXo61nw=="
    },
    "typescript": {
      "version": "3.5.2",
      "resolved": "https://registry.npmjs.org/typescript/-/typescript-3.5.2.tgz",
      "integrity": "sha512-7KxJovlYhTX5RaRbUdkAXN1KUZ8PwWlTzQdHV6xNqvuFOs7+WBo10TQUqT19Q/Jz2hk5v9TQDIhyLhhJY4p5AA=="
    }
  }
}
